
Microsoft Visual Studio Solution File, Format Version 12.00
# Visual Studio Version 16
VisualStudioVersion = 16.0.30204.135
MinimumVisualStudioVersion = 10.0.40219.1
Project("{9A19103F-16F7-4668-BE54-9A1E7A4F7556}") = "ConsoleClient", "ConsoleClient\ConsoleClient.csproj", "{BC7B2C4C-A385-493E-9027-A93908DCB96C}"
EndProject
Project("{FAE04EC0-301F-11D3-BF4B-00C04F79EFBC}") = "MudBot", "MudBot\MudBot.csproj", "{50003B52-F76D-4CA5-88BA-35670934133F}"
EndProject
Global
	GlobalSection(SolutionConfigurationPlatforms) = preSolution
		Debug|Any CPU = Debug|Any CPU
		Release|Any CPU = Release|Any CPU
	EndGlobalSection
	GlobalSection(ProjectConfigurationPlatforms) = postSolution
		{BC7B2C4C-A385-493E-9027-A93908DCB96C}.Debug|Any CPU.ActiveCfg = Debug|Any CPU
		{BC7B2C4C-A385-493E-9027-A93908DCB96C}.Debug|Any CPU.Build.0 = Debug|Any CPU
		{BC7B2C4C-A385-493E-9027-A93908DCB96C}.Release|Any CPU.ActiveCfg = Release|Any CPU
		{BC7B2C4C-A385-493E-9027-A93908DCB96C}.Release|Any CPU.Build.0 = Release|Any CPU
		{50003B52-F76D-4CA5-88BA-35670934133F}.Debug|Any CPU.ActiveCfg = Debug|Any CPU
		{50003B52-F76D-4CA5-88BA-35670934133F}.Debug|Any CPU.Build.0 = Debug|Any CPU
		{50003B52-F76D-4CA5-88BA-35670934133F}.Release|Any CPU.ActiveCfg = Release|Any CPU
		{50003B52-F76D-4CA5-88BA-35670934133F}.Release|Any CPU.Build.0 = Release|Any CPU
	EndGlobalSection
	GlobalSection(SolutionProperties) = preSolution
		HideSolutionNode = FALSE
	EndGlobalSection
	GlobalSection(ExtensibilityGlobals) = postSolution
		SolutionGuid = {B81EE6E6-2D00-4CC3-836C-36BE25B5B864}
	EndGlobalSection
EndGlobal
